
Microsoft Visual Studio Solution File, Format Version 12.00
# Visual Studio Version 16
VisualStudioVersion = 16.0.28803.352
MinimumVisualStudioVersion = 10.0.40219.1
Project("{FAE04EC0-301F-11D3-BF4B-00C04F79EFBC}") = "FaceApiFunctionApp", "FaceApiFunctionApp\FaceApiFunctionApp.csproj", "{37B9D03A-B321-4F18-BAA6-7F6C96260781}"
EndProject
Global
	GlobalSection(SolutionConfigurationPlatforms) = preSolution
		Debug|Any CPU = Debug|Any CPU
		Release|Any CPU = Release|Any CPU
	EndGlobalSection
	GlobalSection(ProjectConfigurationPlatforms) = postSolution
		{37B9D03A-B321-4F18-BAA6-7F6C96260781}.Debug|Any CPU.ActiveCfg = Debug|Any CPU
		{37B9D03A-B321-4F18-BAA6-7F6C96260781}.Debug|Any CPU.Build.0 = Debug|Any CPU
		{37B9D03A-B321-4F18-BAA6-7F6C96260781}.Release|Any CPU.ActiveCfg = Release|Any CPU
		{37B9D03A-B321-4F18-BAA6-7F6C96260781}.Release|Any CPU.Build.0 = Release|Any CPU
	EndGlobalSection
	GlobalSection(SolutionProperties) = preSolution
		HideSolutionNode = FALSE
	EndGlobalSection
	GlobalSection(ExtensibilityGlobals) = postSolution
		SolutionGuid = {06BF6228-C316-4E09-A913-AC8B51E7AD44}
	EndGlobalSection
EndGlobal
